
Microsoft Visual Studio Solution File, Format Version 12.00
# Visual Studio Version 16
VisualStudioVersion = 16.0.31702.278
MinimumVisualStudioVersion = 10.0.40219.1
Project("{9A19103F-16F7-4668-BE54-9A1E7A4F7556}") = "atm-simulation", "atm-simulation.csproj", "{C9740FA1-5502-4734-8E00-4DDD9DC687A7}"
EndProject
Project("{FAE04EC0-301F-11D3-BF4B-00C04F79EFBC}") = "tests", "..\tests\tests.csproj", "{75BEAAFF-6533-4F1F-8BA9-C7EF3A34FFCB}"
EndProject
Global
	GlobalSection(SolutionConfigurationPlatforms) = preSolution
		Debug|Any CPU = Debug|Any CPU
		Release|Any CPU = Release|Any CPU
	EndGlobalSection
	GlobalSection(ProjectConfigurationPlatforms) = postSolution
		{C9740FA1-5502-4734-8E00-4DDD9DC687A7}.Debug|Any CPU.ActiveCfg = Debug|Any CPU
		{C9740FA1-5502-4734-8E00-4DDD9DC687A7}.Debug|Any CPU.Build.0 = Debug|Any CPU
		{C9740FA1-5502-4734-8E00-4DDD9DC687A7}.Release|Any CPU.ActiveCfg = Release|Any CPU
		{C9740FA1-5502-4734-8E00-4DDD9DC687A7}.Release|Any CPU.Build.0 = Release|Any CPU
		{75BEAAFF-6533-4F1F-8BA9-C7EF3A34FFCB}.Debug|Any CPU.ActiveCfg = Debug|Any CPU
		{75BEAAFF-6533-4F1F-8BA9-C7EF3A34FFCB}.Debug|Any CPU.Build.0 = Debug|Any CPU
		{75BEAAFF-6533-4F1F-8BA9-C7EF3A34FFCB}.Release|Any CPU.ActiveCfg = Release|Any CPU
		{75BEAAFF-6533-4F1F-8BA9-C7EF3A34FFCB}.Release|Any CPU.Build.0 = Release|Any CPU
	EndGlobalSection
	GlobalSection(SolutionProperties) = preSolution
		HideSolutionNode = FALSE
	EndGlobalSection
	GlobalSection(ExtensibilityGlobals) = postSolution
		SolutionGuid = {3FDB171A-FD74-42B4-97E7-5E8213639F65}
	EndGlobalSection
EndGlobal
